
Microsoft Visual Studio Solution File, Format Version 12.00
# Visual Studio Version 16
VisualStudioVersion = 16.0.29920.165
MinimumVisualStudioVersion = 10.0.40219.1
Project("{FAE04EC0-301F-11D3-BF4B-00C04F79EFBC}") = "lab08", "lab08\lab08.csproj", "{4C85EE36-A27B-48BD-9BD4-1ECCCF523AFE}"
EndProject
Project("{FAE04EC0-301F-11D3-BF4B-00C04F79EFBC}") = "lab08lib", "lab08lib\lab08lib.csproj", "{70F1387B-904F-47D8-8E9B-5028CFD27417}"
EndProject
Global
	GlobalSection(SolutionConfigurationPlatforms) = preSolution
		Debug|Any CPU = Debug|Any CPU
		Release|Any CPU = Release|Any CPU
	EndGlobalSection
	GlobalSection(ProjectConfigurationPlatforms) = postSolution
		{4C85EE36-A27B-48BD-9BD4-1ECCCF523AFE}.Debug|Any CPU.ActiveCfg = Debug|Any CPU
		{4C85EE36-A27B-48BD-9BD4-1ECCCF523AFE}.Debug|Any CPU.Build.0 = Debug|Any CPU
		{4C85EE36-A27B-48BD-9BD4-1ECCCF523AFE}.Release|Any CPU.ActiveCfg = Release|Any CPU
		{4C85EE36-A27B-48BD-9BD4-1ECCCF523AFE}.Release|Any CPU.Build.0 = Release|Any CPU
		{70F1387B-904F-47D8-8E9B-5028CFD27417}.Debug|Any CPU.ActiveCfg = Debug|Any CPU
		{70F1387B-904F-47D8-8E9B-5028CFD27417}.Debug|Any CPU.Build.0 = Debug|Any CPU
		{70F1387B-904F-47D8-8E9B-5028CFD27417}.Release|Any CPU.ActiveCfg = Release|Any CPU
		{70F1387B-904F-47D8-8E9B-5028CFD27417}.Release|Any CPU.Build.0 = Release|Any CPU
	EndGlobalSection
	GlobalSection(SolutionProperties) = preSolution
		HideSolutionNode = FALSE
	EndGlobalSection
	GlobalSection(ExtensibilityGlobals) = postSolution
		SolutionGuid = {5CE567ED-8C00-4DFB-9A50-A55DAA3EC991}
	EndGlobalSection
EndGlobal
